
Microsoft Visual Studio Solution File, Format Version 12.00
# Visual Studio Version 17
VisualStudioVersion = 17.3.32825.248
MinimumVisualStudioVersion = 10.0.40219.1
Project("{FAE04EC0-301F-11D3-BF4B-00C04F79EFBC}") = "DrawTrees", "DrawTrees\DrawTrees.csproj", "{43DF2A37-1D5C-4818-95B7-158B85C7A112}"
EndProject
Global
	GlobalSection(SolutionConfigurationPlatforms) = preSolution
		Debug|Any CPU = Debug|Any CPU
		Release|Any CPU = Release|Any CPU
	EndGlobalSection
	GlobalSection(ProjectConfigurationPlatforms) = postSolution
		{43DF2A37-1D5C-4818-95B7-158B85C7A112}.Debug|Any CPU.ActiveCfg = Debug|Any CPU
		{43DF2A37-1D5C-4818-95B7-158B85C7A112}.Debug|Any CPU.Build.0 = Debug|Any CPU
		{43DF2A37-1D5C-4818-95B7-158B85C7A112}.Release|Any CPU.ActiveCfg = Release|Any CPU
		{43DF2A37-1D5C-4818-95B7-158B85C7A112}.Release|Any CPU.Build.0 = Release|Any CPU
	EndGlobalSection
	GlobalSection(SolutionProperties) = preSolution
		HideSolutionNode = FALSE
	EndGlobalSection
	GlobalSection(ExtensibilityGlobals) = postSolution
		SolutionGuid = {E7C32FA6-2A3E-43F1-A22F-1871B17C1606}
	EndGlobalSection
EndGlobal
