
Microsoft Visual Studio Solution File, Format Version 12.00
# Visual Studio Version 17
VisualStudioVersion = 17.3.32825.248
MinimumVisualStudioVersion = 10.0.40219.1
Project("{FAE04EC0-301F-11D3-BF4B-00C04F79EFBC}") = "ProfileConnectionLib", "ProfileConnectionLib\ProfileConnectionLib.csproj", "{751736E4-758C-4A26-A58E-037A7C72031C}"
EndProject
Global
	GlobalSection(SolutionConfigurationPlatforms) = preSolution
		Debug|Any CPU = Debug|Any CPU
		Release|Any CPU = Release|Any CPU
	EndGlobalSection
	GlobalSection(ProjectConfigurationPlatforms) = postSolution
		{751736E4-758C-4A26-A58E-037A7C72031C}.Debug|Any CPU.ActiveCfg = Debug|Any CPU
		{751736E4-758C-4A26-A58E-037A7C72031C}.Debug|Any CPU.Build.0 = Debug|Any CPU
		{751736E4-758C-4A26-A58E-037A7C72031C}.Release|Any CPU.ActiveCfg = Release|Any CPU
		{751736E4-758C-4A26-A58E-037A7C72031C}.Release|Any CPU.Build.0 = Release|Any CPU
	EndGlobalSection
	GlobalSection(SolutionProperties) = preSolution
		HideSolutionNode = FALSE
	EndGlobalSection
	GlobalSection(ExtensibilityGlobals) = postSolution
		SolutionGuid = {18AFCBC0-7F50-45B5-ADF7-FE89B69F2CDF}
	EndGlobalSection
EndGlobal
